<?xml version="1.0" encoding="utf-8"?>
<Project xmlns="http://schemas.microsoft.com/developer/msbuild/2003">
  <ItemGroup>
    <Filter Include="Form Files">
      <UniqueIdentifier>{99349809-55BA-4b9d-BF79-8FDBB0286EB3}</UniqueIdentifier>
      <Extensions>ui</Extensions>
      <ParseFiles>false</ParseFiles>
    </Filter>
    <Filter Include="Form Files">
      <UniqueIdentifier>{99349809-55BA-4b9d-BF79-8FDBB0286EB3}</UniqueIdentifier>
      <Extensions>ui</Extensions>
      <ParseFiles>false</ParseFiles>
    </Filter>
    <Filter Include="Generated Files">
      <UniqueIdentifier>{71ED8ED8-ACB9-4CE9-BBE1-E00B30144E11}</UniqueIdentifier>
      <Extensions>cpp;c;cxx;moc;h;def;odl;idl;res;</Extensions>
    </Filter>
    <Filter Include="Generated Files">
      <UniqueIdentifier>{71ED8ED8-ACB9-4CE9-BBE1-E00B30144E11}</UniqueIdentifier>
      <Extensions>cpp;c;cxx;moc;h;def;odl;idl;res;</Extensions>
    </Filter>
    <Filter Include="MatView">
      <UniqueIdentifier>{1ab16189-c88d-45ff-9add-04c4d2c7a91e}</UniqueIdentifier>
    </Filter>
    <Filter Include="Window">
      <UniqueIdentifier>{f87669fe-e7f1-48c2-8e58-a1855499b15b}</UniqueIdentifier>
    </Filter>
    <Filter Include="File">
      <UniqueIdentifier>{4FC737F1-C7A5-4376-A066-2A32D752A2FF}</UniqueIdentifier>
      <Extensions>cpp;c;cxx;def;odl;idl;hpj;bat;asm;asmx</Extensions>
    </Filter>
    <Filter Include="DataVisual">
      <UniqueIdentifier>{c3f6dc2a-c013-4982-ad39-bd7044a80fc7}</UniqueIdentifier>
    </Filter>
    <Filter Include="DataVisual\3D">
      <UniqueIdentifier>{608f7670-1c67-45cb-876a-ea26fd507a8f}</UniqueIdentifier>
    </Filter>
    <Filter Include="DataVisual\2D">
      <UniqueIdentifier>{f0484f85-5118-4f2e-aafe-b18d88513952}</UniqueIdentifier>
    </Filter>
    <Filter Include="DataVisual\DataModel">
      <UniqueIdentifier>{a36873d1-5026-4222-aa4f-36a221e6cba1}</UniqueIdentifier>
    </Filter>
  </ItemGroup>
  <ItemGroup>
    <ClCompile Include="MatView.cpp">
      <Filter>MatView</Filter>
    </ClCompile>
    <ClCompile Include="CQtOpencvViewerGl.cpp">
      <Filter>MatView</Filter>
    </ClCompile>
    <ClCompile Include="main.cpp">
      <Filter>Window</Filter>
    </ClCompile>
    <ClCompile Include="mainwindow.cpp">
      <Filter>Window</Filter>
    </ClCompile>
    <ClCompile Include="QFileOper.cpp">
      <Filter>File</Filter>
    </ClCompile>
    <ClCompile Include="CustomInputHandler.cpp">
      <Filter>DataVisual\3D</Filter>
    </ClCompile>
    <ClCompile Include="ScatterDataModifier.cpp">
      <Filter>DataVisual\3D</Filter>
    </ClCompile>
    <ClCompile Include="GraphDataGenerator.cpp">
      <Filter>DataVisual\3D</Filter>
    </ClCompile>
    <ClCompile Include="CaptureWidget.cpp">
      <Filter>DataVisual\2D</Filter>
    </ClCompile>
    <ClCompile Include="SynthesisWidget.cpp">
      <Filter>DataVisual\3D</Filter>
    </ClCompile>
    <ClCompile Include="VideoPanel.cpp">
      <Filter>DataVisual\2D</Filter>
    </ClCompile>
    <ClCompile Include="VideoWidget.cpp">
      <Filter>DataVisual\2D</Filter>
    </ClCompile>
    <ClCompile Include="CapturePanel.cpp">
      <Filter>DataVisual\2D</Filter>
    </ClCompile>
    <ClCompile Include="CustomTableModel.cpp">
      <Filter>DataVisual\DataModel</Filter>
    </ClCompile>
    <ClCompile Include="FishDataSet.cpp">
      <Filter>DataVisual\DataModel</Filter>
    </ClCompile>
    <ClCompile Include="CustomScatterTableModel.cpp">
      <Filter>DataVisual\DataModel</Filter>
    </ClCompile>
  </ItemGroup>
  <ItemGroup>
    <CustomBuild Include="debug\moc_predefs.h.cbt">
      <Filter>Generated Files</Filter>
    </CustomBuild>
    <CustomBuild Include="release\moc_predefs.h.cbt">
      <Filter>Generated Files</Filter>
    </CustomBuild>
  </ItemGroup>
  <ItemGroup>
    <QtUic Include="mainwindow.ui">
      <Filter>Form Files</Filter>
    </QtUic>
    <QtUic Include="themewidget.ui">
      <Filter>Form Files</Filter>
    </QtUic>
    <QtUic Include="VideoWidget.ui">
      <Filter>Form Files</Filter>
    </QtUic>
  </ItemGroup>
  <ItemGroup>
    <QtMoc Include="MatView.h">
      <Filter>MatView</Filter>
    </QtMoc>
    <QtMoc Include="CQtOpencvViewerGl.h">
      <Filter>MatView</Filter>
    </QtMoc>
    <QtMoc Include="mainwindow.h">
      <Filter>Window</Filter>
    </QtMoc>
    <QtMoc Include="CustomInputHandler.h">
      <Filter>DataVisual\3D</Filter>
    </QtMoc>
    <QtMoc Include="ScatterDataModifier.h">
      <Filter>DataVisual\3D</Filter>
    </QtMoc>
    <QtMoc Include="CaptureWidget.h">
      <Filter>DataVisual\2D</Filter>
    </QtMoc>
    <QtMoc Include="SynthesisWidget.h">
      <Filter>DataVisual\3D</Filter>
    </QtMoc>
    <QtMoc Include="VideoPanel.h">
      <Filter>DataVisual\2D</Filter>
    </QtMoc>
    <QtMoc Include="VideoWidget.h">
      <Filter>DataVisual\2D</Filter>
    </QtMoc>
    <QtMoc Include="CapturePanel.h">
      <Filter>DataVisual\2D</Filter>
    </QtMoc>
    <QtMoc Include="CustomTableModel.h">
      <Filter>DataVisual\DataModel</Filter>
    </QtMoc>
    <QtMoc Include="FishDataSet.h">
      <Filter>DataVisual\DataModel</Filter>
    </QtMoc>
    <QtMoc Include="CustomScatterTableModel.h">
      <Filter>DataVisual\DataModel</Filter>
    </QtMoc>
  </ItemGroup>
  <ItemGroup>
    <ClInclude Include="ui_mainwindow.h">
      <Filter>Window</Filter>
    </ClInclude>
    <ClInclude Include="QFileOper.h">
      <Filter>File</Filter>
    </ClInclude>
    <ClInclude Include="GraphDataGenerator.h">
      <Filter>DataVisual\3D</Filter>
    </ClInclude>
  </ItemGroup>
  <ItemGroup>
    <QtRcc Include="Resource.qrc" />
  </ItemGroup>
</Project>